
Microsoft Visual Studio Solution File, Format Version 12.00
# Visual Studio Version 17
VisualStudioVersion = 17.9.34714.143
MinimumVisualStudioVersion = 10.0.40219.1
Project("{FAE04EC0-301F-11D3-BF4B-00C04F79EFBC}") = "DulcesRicos", "DulcesRicos.csproj", "{DC5AAAE6-8F08-424A-99EA-D371EA860DDE}"
EndProject
Global
	GlobalSection(SolutionConfigurationPlatforms) = preSolution
		Debug|Any CPU = Debug|Any CPU
		Release|Any CPU = Release|Any CPU
	EndGlobalSection
	GlobalSection(ProjectConfigurationPlatforms) = postSolution
		{DC5AAAE6-8F08-424A-99EA-D371EA860DDE}.Debug|Any CPU.ActiveCfg = Debug|Any CPU
		{DC5AAAE6-8F08-424A-99EA-D371EA860DDE}.Debug|Any CPU.Build.0 = Debug|Any CPU
		{DC5AAAE6-8F08-424A-99EA-D371EA860DDE}.Release|Any CPU.ActiveCfg = Release|Any CPU
		{DC5AAAE6-8F08-424A-99EA-D371EA860DDE}.Release|Any CPU.Build.0 = Release|Any CPU
	EndGlobalSection
	GlobalSection(SolutionProperties) = preSolution
		HideSolutionNode = FALSE
	EndGlobalSection
	GlobalSection(ExtensibilityGlobals) = postSolution
		SolutionGuid = {8599F63C-6DD4-4665-B426-A02DF6629833}
	EndGlobalSection
EndGlobal
